<?xml version="1.0" encoding="utf-8"?>
<Project ToolsVersion="4.0" xmlns="http://schemas.microsoft.com/developer/msbuild/2003">
  <ItemGroup>
    <Filter Include="Source Files">
      <UniqueIdentifier>{4FC737F1-C7A5-4376-A066-2A32D752A2FF}</UniqueIdentifier>
      <Extensions>cpp;c;cc;cxx;c++;cppm;ixx;def;odl;idl;hpj;bat;asm;asmx</Extensions>
    </Filter>
    <Filter Include="Header Files">
      <UniqueIdentifier>{93995380-89BD-4b04-88EB-625FBE52EBFB}</UniqueIdentifier>
      <Extensions>h;hh;hpp;hxx;h++;hm;inl;inc;ipp;xsd</Extensions>
    </Filter>
    <Filter Include="Resource Files">
      <UniqueIdentifier>{67DA6AB6-F800-4c08-8B7A-83BB121AAD01}</UniqueIdentifier>
      <Extensions>rc;ico;cur;bmp;dlg;rc2;rct;bin;rgs;gif;jpg;jpeg;jpe;resx;tiff;tif;png;wav;mfcribbon-ms</Extensions>
    </Filter>
    <Filter Include="Header Files\IInterfaces">
      <UniqueIdentifier>{c21ac80a-1855-4a06-86af-735e441e8245}</UniqueIdentifier>
    </Filter>
    <Filter Include="Header Files\C_Types">
      <UniqueIdentifier>{4a8adde4-7cc4-40c3-b6d7-b61b7b6b8910}</UniqueIdentifier>
    </Filter>
    <Filter Include="Source Files\C_Types">
      <UniqueIdentifier>{993a9f88-95b9-4e48-ab4d-a6b1d2917bbf}</UniqueIdentifier>
    </Filter>
  </ItemGroup>
  <ItemGroup>
    <ClCompile Include="main.cpp">
      <Filter>Source Files</Filter>
    </ClCompile>
    <ClCompile Include="IInstructionCommand.cpp">
      <Filter>Source Files</Filter>
    </ClCompile>
    <ClCompile Include="CommandExecuter.cpp">
      <Filter>Source Files</Filter>
    </ClCompile>
    <ClCompile Include="C_BaseGather.cpp">
      <Filter>Source Files\C_Types</Filter>
    </ClCompile>
    <ClCompile Include="C_EfficientGather.cpp">
      <Filter>Source Files\C_Types</Filter>
    </ClCompile>
    <ClCompile Include="C_FastGather.cpp">
      <Filter>Source Files\C_Types</Filter>
    </ClCompile>
  </ItemGroup>
  <ItemGroup>
    <ClInclude Include="IInstructionCommand.h">
      <Filter>Header Files</Filter>
    </ClInclude>
    <ClInclude Include="CommandExecuter.h">
      <Filter>Header Files</Filter>
    </ClInclude>
    <ClInclude Include="IGatherWood.h">
      <Filter>Header Files\IInterfaces</Filter>
    </ClInclude>
    <ClInclude Include="C_BaseGather.h">
      <Filter>Header Files\C_Types</Filter>
    </ClInclude>
    <ClInclude Include="C_EfficientGather.h">
      <Filter>Header Files\C_Types</Filter>
    </ClInclude>
    <ClInclude Include="C_FastGather.h">
      <Filter>Header Files\C_Types</Filter>
    </ClInclude>
  </ItemGroup>
</Project>